
Microsoft Visual Studio Solution File, Format Version 12.00
# Visual Studio 15
VisualStudioVersion = 15.0.28307.489
MinimumVisualStudioVersion = 10.0.40219.1
Project("{FAE04EC0-301F-11D3-BF4B-00C04F79EFBC}") = "SampleColorLabel.Android", "SampleColorLabel\SampleColorLabel.Android\SampleColorLabel.Android.csproj", "{C269AAE4-D429-4CEE-A806-2FA5C95BE286}"
EndProject
Project("{FAE04EC0-301F-11D3-BF4B-00C04F79EFBC}") = "SampleColorLabel.iOS", "SampleColorLabel\SampleColorLabel.iOS\SampleColorLabel.iOS.csproj", "{02C8DD6B-051F-4366-A41F-D277401D2502}"
EndProject
Project("{FAE04EC0-301F-11D3-BF4B-00C04F79EFBC}") = "SampleColorLabel.UWP", "SampleColorLabel\SampleColorLabel.UWP\SampleColorLabel.UWP.csproj", "{6454777F-D8F3-4286-9170-09DD6B705151}"
EndProject
Project("{FAE04EC0-301F-11D3-BF4B-00C04F79EFBC}") = "SampleColorLabel", "SampleColorLabel\SampleColorLabel\SampleColorLabel.csproj", "{0C46C2D2-3F48-472D-9B39-9F8C85F3E55B}"
EndProject
Global
	GlobalSection(SolutionConfigurationPlatforms) = preSolution
		Ad-Hoc|Any CPU = Ad-Hoc|Any CPU
		Ad-Hoc|ARM = Ad-Hoc|ARM
		Ad-Hoc|iPhone = Ad-Hoc|iPhone
		Ad-Hoc|iPhoneSimulator = Ad-Hoc|iPhoneSimulator
		Ad-Hoc|x64 = Ad-Hoc|x64
		Ad-Hoc|x86 = Ad-Hoc|x86
		AppStore|Any CPU = AppStore|Any CPU
		AppStore|ARM = AppStore|ARM
		AppStore|iPhone = AppStore|iPhone
		AppStore|iPhoneSimulator = AppStore|iPhoneSimulator
		AppStore|x64 = AppStore|x64
		AppStore|x86 = AppStore|x86
		Debug|Any CPU = Debug|Any CPU
		Debug|ARM = Debug|ARM
		Debug|iPhone = Debug|iPhone
		Debug|iPhoneSimulator = Debug|iPhoneSimulator
		Debug|x64 = Debug|x64
		Debug|x86 = Debug|x86
		Release|Any CPU = Release|Any CPU
		Release|ARM = Release|ARM
		Release|iPhone = Release|iPhone
		Release|iPhoneSimulator = Release|iPhoneSimulator
		Release|x64 = Release|x64
		Release|x86 = Release|x86
	EndGlobalSection
	GlobalSection(ProjectConfigurationPlatforms) = postSolution
		{C269AAE4-D429-4CEE-A806-2FA5C95BE286}.Ad-Hoc|Any CPU.ActiveCfg = Release|Any CPU
		{C269AAE4-D429-4CEE-A806-2FA5C95BE286}.Ad-Hoc|Any CPU.Build.0 = Release|Any CPU
		{C269AAE4-D429-4CEE-A806-2FA5C95BE286}.Ad-Hoc|Any CPU.Deploy.0 = Release|Any CPU
		{C269AAE4-D429-4CEE-A806-2FA5C95BE286}.Ad-Hoc|ARM.ActiveCfg = Release|Any CPU
		{C269AAE4-D429-4CEE-A806-2FA5C95BE286}.Ad-Hoc|ARM.Build.0 = Release|Any CPU
		{C269AAE4-D429-4CEE-A806-2FA5C95BE286}.Ad-Hoc|ARM.Deploy.0 = Release|Any CPU
		{C269AAE4-D429-4CEE-A806-2FA5C95BE286}.Ad-Hoc|iPhone.ActiveCfg = Release|Any CPU
		{C269AAE4-D429-4CEE-A806-2FA5C95BE286}.Ad-Hoc|iPhone.Build.0 = Release|Any CPU
		{C269AAE4-D429-4CEE-A806-2FA5C95BE286}.Ad-Hoc|iPhone.Deploy.0 = Release|Any CPU
		{C269AAE4-D429-4CEE-A806-2FA5C95BE286}.Ad-Hoc|iPhoneSimulator.ActiveCfg = Release|Any CPU
		{C269AAE4-D429-4CEE-A806-2FA5C95BE286}.Ad-Hoc|iPhoneSimulator.Build.0 = Release|Any CPU
		{C269AAE4-D429-4CEE-A806-2FA5C95BE286}.Ad-Hoc|iPhoneSimulator.Deploy.0 = Release|Any CPU
		{C269AAE4-D429-4CEE-A806-2FA5C95BE286}.Ad-Hoc|x64.ActiveCfg = Release|Any CPU
		{C269AAE4-D429-4CEE-A806-2FA5C95BE286}.Ad-Hoc|x64.Build.0 = Release|Any CPU
		{C269AAE4-D429-4CEE-A806-2FA5C95BE286}.Ad-Hoc|x64.Deploy.0 = Release|Any CPU
		{C269AAE4-D429-4CEE-A806-2FA5C95BE286}.Ad-Hoc|x86.ActiveCfg = Release|Any CPU
		{C269AAE4-D429-4CEE-A806-2FA5C95BE286}.Ad-Hoc|x86.Build.0 = Release|Any CPU
		{C269AAE4-D429-4CEE-A806-2FA5C95BE286}.Ad-Hoc|x86.Deploy.0 = Release|Any CPU
		{C269AAE4-D429-4CEE-A806-2FA5C95BE286}.AppStore|Any CPU.ActiveCfg = Release|Any CPU
		{C269AAE4-D429-4CEE-A806-2FA5C95BE286}.AppStore|Any CPU.Build.0 = Release|Any CPU
		{C269AAE4-D429-4CEE-A806-2FA5C95BE286}.AppStore|Any CPU.Deploy.0 = Release|Any CPU
		{C269AAE4-D429-4CEE-A806-2FA5C95BE286}.AppStore|ARM.ActiveCfg = Release|Any CPU
		{C269AAE4-D429-4CEE-A806-2FA5C95BE286}.AppStore|ARM.Build.0 = Release|Any CPU
		{C269AAE4-D429-4CEE-A806-2FA5C95BE286}.AppStore|ARM.Deploy.0 = Release|Any CPU
		{C269AAE4-D429-4CEE-A806-2FA5C95BE286}.AppStore|iPhone.ActiveCfg = Release|Any CPU
		{C269AAE4-D429-4CEE-A806-2FA5C95BE286}.AppStore|iPhone.Build.0 = Release|Any CPU
		{C269AAE4-D429-4CEE-A806-2FA5C95BE286}.AppStore|iPhone.Deploy.0 = Release|Any CPU
		{C269AAE4-D429-4CEE-A806-2FA5C95BE286}.AppStore|iPhoneSimulator.ActiveCfg = Release|Any CPU
		{C269AAE4-D429-4CEE-A806-2FA5C95BE286}.AppStore|iPhoneSimulator.Build.0 = Release|Any CPU
		{C269AAE4-D429-4CEE-A806-2FA5C95BE286}.AppStore|iPhoneSimulator.Deploy.0 = Release|Any CPU
		{C269AAE4-D429-4CEE-A806-2FA5C95BE286}.AppStore|x64.ActiveCfg = Release|Any CPU
		{C269AAE4-D429-4CEE-A806-2FA5C95BE286}.AppStore|x64.Build.0 = Release|Any CPU
		{C269AAE4-D429-4CEE-A806-2FA5C95BE286}.AppStore|x64.Deploy.0 = Release|Any CPU
		{C269AAE4-D429-4CEE-A806-2FA5C95BE286}.AppStore|x86.ActiveCfg = Release|Any CPU
		{C269AAE4-D429-4CEE-A806-2FA5C95BE286}.AppStore|x86.Build.0 = Release|Any CPU
		{C269AAE4-D429-4CEE-A806-2FA5C95BE286}.AppStore|x86.Deploy.0 = Release|Any CPU
		{C269AAE4-D429-4CEE-A806-2FA5C95BE286}.Debug|Any CPU.ActiveCfg = Debug|Any CPU
		{C269AAE4-D429-4CEE-A806-2FA5C95BE286}.Debug|Any CPU.Build.0 = Debug|Any CPU
		{C269AAE4-D429-4CEE-A806-2FA5C95BE286}.Debug|Any CPU.Deploy.0 = Debug|Any CPU
		{C269AAE4-D429-4CEE-A806-2FA5C95BE286}.Debug|ARM.ActiveCfg = Debug|Any CPU
		{C269AAE4-D429-4CEE-A806-2FA5C95BE286}.Debug|ARM.Build.0 = Debug|Any CPU
		{C269AAE4-D429-4CEE-A806-2FA5C95BE286}.Debug|ARM.Deploy.0 = Debug|Any CPU
		{C269AAE4-D429-4CEE-A806-2FA5C95BE286}.Debug|iPhone.ActiveCfg = Debug|Any CPU
		{C269AAE4-D429-4CEE-A806-2FA5C95BE286}.Debug|iPhone.Build.0 = Debug|Any CPU
		{C269AAE4-D429-4CEE-A806-2FA5C95BE286}.Debug|iPhone.Deploy.0 = Debug|Any CPU
		{C269AAE4-D429-4CEE-A806-2FA5C95BE286}.Debug|iPhoneSimulator.ActiveCfg = Debug|Any CPU
		{C269AAE4-D429-4CEE-A806-2FA5C95BE286}.Debug|iPhoneSimulator.Build.0 = Debug|Any CPU
		{C269AAE4-D429-4CEE-A806-2FA5C95BE286}.Debug|iPhoneSimulator.Deploy.0 = Debug|Any CPU
		{C269AAE4-D429-4CEE-A806-2FA5C95BE286}.Debug|x64.ActiveCfg = Debug|Any CPU
		{C269AAE4-D429-4CEE-A806-2FA5C95BE286}.Debug|x64.Build.0 = Debug|Any CPU
		{C269AAE4-D429-4CEE-A806-2FA5C95BE286}.Debug|x64.Deploy.0 = Debug|Any CPU
		{C269AAE4-D429-4CEE-A806-2FA5C95BE286}.Debug|x86.ActiveCfg = Debug|Any CPU
		{C269AAE4-D429-4CEE-A806-2FA5C95BE286}.Debug|x86.Build.0 = Debug|Any CPU
		{C269AAE4-D429-4CEE-A806-2FA5C95BE286}.Debug|x86.Deploy.0 = Debug|Any CPU
		{C269AAE4-D429-4CEE-A806-2FA5C95BE286}.Release|Any CPU.ActiveCfg = Release|Any CPU
		{C269AAE4-D429-4CEE-A806-2FA5C95BE286}.Release|Any CPU.Build.0 = Release|Any CPU
		{C269AAE4-D429-4CEE-A806-2FA5C95BE286}.Release|Any CPU.Deploy.0 = Release|Any CPU
		{C269AAE4-D429-4CEE-A806-2FA5C95BE286}.Release|ARM.ActiveCfg = Release|Any CPU
		{C269AAE4-D429-4CEE-A806-2FA5C95BE286}.Release|ARM.Build.0 = Release|Any CPU
		{C269AAE4-D429-4CEE-A806-2FA5C95BE286}.Release|ARM.Deploy.0 = Release|Any CPU
		{C269AAE4-D429-4CEE-A806-2FA5C95BE286}.Release|iPhone.ActiveCfg = Release|Any CPU
		{C269AAE4-D429-4CEE-A806-2FA5C95BE286}.Release|iPhone.Build.0 = Release|Any CPU
		{C269AAE4-D429-4CEE-A806-2FA5C95BE286}.Release|iPhone.Deploy.0 = Release|Any CPU
		{C269AAE4-D429-4CEE-A806-2FA5C95BE286}.Release|iPhoneSimulator.ActiveCfg = Release|Any CPU
		{C269AAE4-D429-4CEE-A806-2FA5C95BE286}.Release|iPhoneSimulator.Build.0 = Release|Any CPU
		{C269AAE4-D429-4CEE-A806-2FA5C95BE286}.Release|iPhoneSimulator.Deploy.0 = Release|Any CPU
		{C269AAE4-D429-4CEE-A806-2FA5C95BE286}.Release|x64.ActiveCfg = Release|Any CPU
		{C269AAE4-D429-4CEE-A806-2FA5C95BE286}.Release|x64.Build.0 = Release|Any CPU
		{C269AAE4-D429-4CEE-A806-2FA5C95BE286}.Release|x64.Deploy.0 = Release|Any CPU
		{C269AAE4-D429-4CEE-A806-2FA5C95BE286}.Release|x86.ActiveCfg = Release|Any CPU
		{C269AAE4-D429-4CEE-A806-2FA5C95BE286}.Release|x86.Build.0 = Release|Any CPU
		{C269AAE4-D429-4CEE-A806-2FA5C95BE286}.Release|x86.Deploy.0 = Release|Any CPU
		{02C8DD6B-051F-4366-A41F-D277401D2502}.Ad-Hoc|Any CPU.ActiveCfg = Ad-Hoc|iPhone
		{02C8DD6B-051F-4366-A41F-D277401D2502}.Ad-Hoc|Any CPU.Build.0 = Ad-Hoc|iPhone
		{02C8DD6B-051F-4366-A41F-D277401D2502}.Ad-Hoc|Any CPU.Deploy.0 = Ad-Hoc|iPhone
		{02C8DD6B-051F-4366-A41F-D277401D2502}.Ad-Hoc|ARM.ActiveCfg = Ad-Hoc|iPhone
		{02C8DD6B-051F-4366-A41F-D277401D2502}.Ad-Hoc|ARM.Build.0 = Ad-Hoc|iPhone
		{02C8DD6B-051F-4366-A41F-D277401D2502}.Ad-Hoc|ARM.Deploy.0 = Ad-Hoc|iPhone
		{02C8DD6B-051F-4366-A41F-D277401D2502}.Ad-Hoc|iPhone.ActiveCfg = Ad-Hoc|iPhone
		{02C8DD6B-051F-4366-A41F-D277401D2502}.Ad-Hoc|iPhone.Build.0 = Ad-Hoc|iPhone
		{02C8DD6B-051F-4366-A41F-D277401D2502}.Ad-Hoc|iPhone.Deploy.0 = Ad-Hoc|iPhone
		{02C8DD6B-051F-4366-A41F-D277401D2502}.Ad-Hoc|iPhoneSimulator.ActiveCfg = Ad-Hoc|iPhoneSimulator
		{02C8DD6B-051F-4366-A41F-D277401D2502}.Ad-Hoc|iPhoneSimulator.Build.0 = Ad-Hoc|iPhoneSimulator
		{02C8DD6B-051F-4366-A41F-D277401D2502}.Ad-Hoc|iPhoneSimulator.Deploy.0 = Ad-Hoc|iPhoneSimulator
		{02C8DD6B-051F-4366-A41F-D277401D2502}.Ad-Hoc|x64.ActiveCfg = Ad-Hoc|iPhone
		{02C8DD6B-051F-4366-A41F-D277401D2502}.Ad-Hoc|x64.Build.0 = Ad-Hoc|iPhone
		{02C8DD6B-051F-4366-A41F-D277401D2502}.Ad-Hoc|x64.Deploy.0 = Ad-Hoc|iPhone
		{02C8DD6B-051F-4366-A41F-D277401D2502}.Ad-Hoc|x86.ActiveCfg = Ad-Hoc|iPhone
		{02C8DD6B-051F-4366-A41F-D277401D2502}.Ad-Hoc|x86.Build.0 = Ad-Hoc|iPhone
		{02C8DD6B-051F-4366-A41F-D277401D2502}.Ad-Hoc|x86.Deploy.0 = Ad-Hoc|iPhone
		{02C8DD6B-051F-4366-A41F-D277401D2502}.AppStore|Any CPU.ActiveCfg = AppStore|iPhone
		{02C8DD6B-051F-4366-A41F-D277401D2502}.AppStore|Any CPU.Build.0 = AppStore|iPhone
		{02C8DD6B-051F-4366-A41F-D277401D2502}.AppStore|Any CPU.Deploy.0 = AppStore|iPhone
		{02C8DD6B-051F-4366-A41F-D277401D2502}.AppStore|ARM.ActiveCfg = AppStore|iPhone
		{02C8DD6B-051F-4366-A41F-D277401D2502}.AppStore|ARM.Build.0 = AppStore|iPhone
		{02C8DD6B-051F-4366-A41F-D277401D2502}.AppStore|ARM.Deploy.0 = AppStore|iPhone
		{02C8DD6B-051F-4366-A41F-D277401D2502}.AppStore|iPhone.ActiveCfg = AppStore|iPhone
		{02C8DD6B-051F-4366-A41F-D277401D2502}.AppStore|iPhone.Build.0 = AppStore|iPhone
		{02C8DD6B-051F-4366-A41F-D277401D2502}.AppStore|iPhone.Deploy.0 = AppStore|iPhone
		{02C8DD6B-051F-4366-A41F-D277401D2502}.AppStore|iPhoneSimulator.ActiveCfg = AppStore|iPhoneSimulator
		{02C8DD6B-051F-4366-A41F-D277401D2502}.AppStore|iPhoneSimulator.Build.0 = AppStore|iPhoneSimulator
		{02C8DD6B-051F-4366-A41F-D277401D2502}.AppStore|iPhoneSimulator.Deploy.0 = AppStore|iPhoneSimulator
		{02C8DD6B-051F-4366-A41F-D277401D2502}.AppStore|x64.ActiveCfg = AppStore|iPhone
		{02C8DD6B-051F-4366-A41F-D277401D2502}.AppStore|x64.Build.0 = AppStore|iPhone
		{02C8DD6B-051F-4366-A41F-D277401D2502}.AppStore|x64.Deploy.0 = AppStore|iPhone
		{02C8DD6B-051F-4366-A41F-D277401D2502}.AppStore|x86.ActiveCfg = AppStore|iPhone
		{02C8DD6B-051F-4366-A41F-D277401D2502}.AppStore|x86.Build.0 = AppStore|iPhone
		{02C8DD6B-051F-4366-A41F-D277401D2502}.AppStore|x86.Deploy.0 = AppStore|iPhone
		{02C8DD6B-051F-4366-A41F-D277401D2502}.Debug|Any CPU.ActiveCfg = Debug|iPhoneSimulator
		{02C8DD6B-051F-4366-A41F-D277401D2502}.Debug|Any CPU.Build.0 = Debug|iPhoneSimulator
		{02C8DD6B-051F-4366-A41F-D277401D2502}.Debug|Any CPU.Deploy.0 = Debug|iPhoneSimulator
		{02C8DD6B-051F-4366-A41F-D277401D2502}.Debug|ARM.ActiveCfg = Debug|iPhone
		{02C8DD6B-051F-4366-A41F-D277401D2502}.Debug|ARM.Build.0 = Debug|iPhone
		{02C8DD6B-051F-4366-A41F-D277401D2502}.Debug|ARM.Deploy.0 = Debug|iPhone
		{02C8DD6B-051F-4366-A41F-D277401D2502}.Debug|iPhone.ActiveCfg = Debug|iPhone
		{02C8DD6B-051F-4366-A41F-D277401D2502}.Debug|iPhone.Build.0 = Debug|iPhone
		{02C8DD6B-051F-4366-A41F-D277401D2502}.Debug|iPhone.Deploy.0 = Debug|iPhone
		{02C8DD6B-051F-4366-A41F-D277401D2502}.Debug|iPhoneSimulator.ActiveCfg = Debug|iPhoneSimulator
		{02C8DD6B-051F-4366-A41F-D277401D2502}.Debug|iPhoneSimulator.Build.0 = Debug|iPhoneSimulator
		{02C8DD6B-051F-4366-A41F-D277401D2502}.Debug|iPhoneSimulator.Deploy.0 = Debug|iPhoneSimulator
		{02C8DD6B-051F-4366-A41F-D277401D2502}.Debug|x64.ActiveCfg = Debug|iPhone
		{02C8DD6B-051F-4366-A41F-D277401D2502}.Debug|x64.Build.0 = Debug|iPhone
		{02C8DD6B-051F-4366-A41F-D277401D2502}.Debug|x64.Deploy.0 = Debug|iPhone
		{02C8DD6B-051F-4366-A41F-D277401D2502}.Debug|x86.ActiveCfg = Debug|iPhone
		{02C8DD6B-051F-4366-A41F-D277401D2502}.Debug|x86.Build.0 = Debug|iPhone
		{02C8DD6B-051F-4366-A41F-D277401D2502}.Debug|x86.Deploy.0 = Debug|iPhone
		{02C8DD6B-051F-4366-A41F-D277401D2502}.Release|Any CPU.ActiveCfg = Release|iPhone
		{02C8DD6B-051F-4366-A41F-D277401D2502}.Release|Any CPU.Build.0 = Release|iPhone
		{02C8DD6B-051F-4366-A41F-D277401D2502}.Release|Any CPU.Deploy.0 = Release|iPhone
		{02C8DD6B-051F-4366-A41F-D277401D2502}.Release|ARM.ActiveCfg = Release|iPhone
		{02C8DD6B-051F-4366-A41F-D277401D2502}.Release|ARM.Build.0 = Release|iPhone
		{02C8DD6B-051F-4366-A41F-D277401D2502}.Release|ARM.Deploy.0 = Release|iPhone
		{02C8DD6B-051F-4366-A41F-D277401D2502}.Release|iPhone.ActiveCfg = Release|iPhone
		{02C8DD6B-051F-4366-A41F-D277401D2502}.Release|iPhone.Build.0 = Release|iPhone
		{02C8DD6B-051F-4366-A41F-D277401D2502}.Release|iPhone.Deploy.0 = Release|iPhone
		{02C8DD6B-051F-4366-A41F-D277401D2502}.Release|iPhoneSimulator.ActiveCfg = Release|iPhoneSimulator
		{02C8DD6B-051F-4366-A41F-D277401D2502}.Release|iPhoneSimulator.Build.0 = Release|iPhoneSimulator
		{02C8DD6B-051F-4366-A41F-D277401D2502}.Release|iPhoneSimulator.Deploy.0 = Release|iPhoneSimulator
		{02C8DD6B-051F-4366-A41F-D277401D2502}.Release|x64.ActiveCfg = Release|iPhone
		{02C8DD6B-051F-4366-A41F-D277401D2502}.Release|x64.Build.0 = Release|iPhone
		{02C8DD6B-051F-4366-A41F-D277401D2502}.Release|x64.Deploy.0 = Release|iPhone
		{02C8DD6B-051F-4366-A41F-D277401D2502}.Release|x86.ActiveCfg = Release|iPhone
		{02C8DD6B-051F-4366-A41F-D277401D2502}.Release|x86.Build.0 = Release|iPhone
		{02C8DD6B-051F-4366-A41F-D277401D2502}.Release|x86.Deploy.0 = Release|iPhone
		{6454777F-D8F3-4286-9170-09DD6B705151}.Ad-Hoc|Any CPU.ActiveCfg = Release|x86
		{6454777F-D8F3-4286-9170-09DD6B705151}.Ad-Hoc|Any CPU.Build.0 = Release|x86
		{6454777F-D8F3-4286-9170-09DD6B705151}.Ad-Hoc|Any CPU.Deploy.0 = Release|x86
		{6454777F-D8F3-4286-9170-09DD6B705151}.Ad-Hoc|ARM.ActiveCfg = Release|ARM
		{6454777F-D8F3-4286-9170-09DD6B705151}.Ad-Hoc|ARM.Build.0 = Release|ARM
		{6454777F-D8F3-4286-9170-09DD6B705151}.Ad-Hoc|ARM.Deploy.0 = Release|ARM
		{6454777F-D8F3-4286-9170-09DD6B705151}.Ad-Hoc|iPhone.ActiveCfg = Release|x86
		{6454777F-D8F3-4286-9170-09DD6B705151}.Ad-Hoc|iPhone.Build.0 = Release|x86
		{6454777F-D8F3-4286-9170-09DD6B705151}.Ad-Hoc|iPhone.Deploy.0 = Release|x86
		{6454777F-D8F3-4286-9170-09DD6B705151}.Ad-Hoc|iPhoneSimulator.ActiveCfg = Release|x86
		{6454777F-D8F3-4286-9170-09DD6B705151}.Ad-Hoc|iPhoneSimulator.Build.0 = Release|x86
		{6454777F-D8F3-4286-9170-09DD6B705151}.Ad-Hoc|iPhoneSimulator.Deploy.0 = Release|x86
		{6454777F-D8F3-4286-9170-09DD6B705151}.Ad-Hoc|x64.ActiveCfg = Release|x64
		{6454777F-D8F3-4286-9170-09DD6B705151}.Ad-Hoc|x64.Build.0 = Release|x64
		{6454777F-D8F3-4286-9170-09DD6B705151}.Ad-Hoc|x64.Deploy.0 = Release|x64
		{6454777F-D8F3-4286-9170-09DD6B705151}.Ad-Hoc|x86.ActiveCfg = Release|x86
		{6454777F-D8F3-4286-9170-09DD6B705151}.Ad-Hoc|x86.Build.0 = Release|x86
		{6454777F-D8F3-4286-9170-09DD6B705151}.Ad-Hoc|x86.Deploy.0 = Release|x86
		{6454777F-D8F3-4286-9170-09DD6B705151}.AppStore|Any CPU.ActiveCfg = Release|x86
		{6454777F-D8F3-4286-9170-09DD6B705151}.AppStore|Any CPU.Build.0 = Release|x86
		{6454777F-D8F3-4286-9170-09DD6B705151}.AppStore|Any CPU.Deploy.0 = Release|x86
		{6454777F-D8F3-4286-9170-09DD6B705151}.AppStore|ARM.ActiveCfg = Release|ARM
		{6454777F-D8F3-4286-9170-09DD6B705151}.AppStore|ARM.Build.0 = Release|ARM
		{6454777F-D8F3-4286-9170-09DD6B705151}.AppStore|ARM.Deploy.0 = Release|ARM
		{6454777F-D8F3-4286-9170-09DD6B705151}.AppStore|iPhone.ActiveCfg = Release|x86
		{6454777F-D8F3-4286-9170-09DD6B705151}.AppStore|iPhone.Build.0 = Release|x86
		{6454777F-D8F3-4286-9170-09DD6B705151}.AppStore|iPhone.Deploy.0 = Release|x86
		{6454777F-D8F3-4286-9170-09DD6B705151}.AppStore|iPhoneSimulator.ActiveCfg = Release|x86
		{6454777F-D8F3-4286-9170-09DD6B705151}.AppStore|iPhoneSimulator.Build.0 = Release|x86
		{6454777F-D8F3-4286-9170-09DD6B705151}.AppStore|iPhoneSimulator.Deploy.0 = Release|x86
		{6454777F-D8F3-4286-9170-09DD6B705151}.AppStore|x64.ActiveCfg = Release|x64
		{6454777F-D8F3-4286-9170-09DD6B705151}.AppStore|x64.Build.0 = Release|x64
		{6454777F-D8F3-4286-9170-09DD6B705151}.AppStore|x64.Deploy.0 = Release|x64
		{6454777F-D8F3-4286-9170-09DD6B705151}.AppStore|x86.ActiveCfg = Release|x86
		{6454777F-D8F3-4286-9170-09DD6B705151}.AppStore|x86.Build.0 = Release|x86
		{6454777F-D8F3-4286-9170-09DD6B705151}.AppStore|x86.Deploy.0 = Release|x86
		{6454777F-D8F3-4286-9170-09DD6B705151}.Debug|Any CPU.ActiveCfg = Debug|x86
		{6454777F-D8F3-4286-9170-09DD6B705151}.Debug|Any CPU.Build.0 = Debug|x86
		{6454777F-D8F3-4286-9170-09DD6B705151}.Debug|Any CPU.Deploy.0 = Debug|x86
		{6454777F-D8F3-4286-9170-09DD6B705151}.Debug|ARM.ActiveCfg = Debug|ARM
		{6454777F-D8F3-4286-9170-09DD6B705151}.Debug|ARM.Build.0 = Debug|ARM
		{6454777F-D8F3-4286-9170-09DD6B705151}.Debug|ARM.Deploy.0 = Debug|ARM
		{6454777F-D8F3-4286-9170-09DD6B705151}.Debug|iPhone.ActiveCfg = Debug|x86
		{6454777F-D8F3-4286-9170-09DD6B705151}.Debug|iPhone.Build.0 = Debug|x86
		{6454777F-D8F3-4286-9170-09DD6B705151}.Debug|iPhone.Deploy.0 = Debug|x86
		{6454777F-D8F3-4286-9170-09DD6B705151}.Debug|iPhoneSimulator.ActiveCfg = Debug|x86
		{6454777F-D8F3-4286-9170-09DD6B705151}.Debug|iPhoneSimulator.Build.0 = Debug|x86
		{6454777F-D8F3-4286-9170-09DD6B705151}.Debug|iPhoneSimulator.Deploy.0 = Debug|x86
		{6454777F-D8F3-4286-9170-09DD6B705151}.Debug|x64.ActiveCfg = Debug|x64
		{6454777F-D8F3-4286-9170-09DD6B705151}.Debug|x64.Build.0 = Debug|x64
		{6454777F-D8F3-4286-9170-09DD6B705151}.Debug|x64.Deploy.0 = Debug|x64
		{6454777F-D8F3-4286-9170-09DD6B705151}.Debug|x86.ActiveCfg = Debug|x86
		{6454777F-D8F3-4286-9170-09DD6B705151}.Debug|x86.Build.0 = Debug|x86
		{6454777F-D8F3-4286-9170-09DD6B705151}.Debug|x86.Deploy.0 = Debug|x86
		{6454777F-D8F3-4286-9170-09DD6B705151}.Release|Any CPU.ActiveCfg = Release|x86
		{6454777F-D8F3-4286-9170-09DD6B705151}.Release|Any CPU.Build.0 = Release|x86
		{6454777F-D8F3-4286-9170-09DD6B705151}.Release|Any CPU.Deploy.0 = Release|x86
		{6454777F-D8F3-4286-9170-09DD6B705151}.Release|ARM.ActiveCfg = Release|ARM
		{6454777F-D8F3-4286-9170-09DD6B705151}.Release|ARM.Build.0 = Release|ARM
		{6454777F-D8F3-4286-9170-09DD6B705151}.Release|ARM.Deploy.0 = Release|ARM
		{6454777F-D8F3-4286-9170-09DD6B705151}.Release|iPhone.ActiveCfg = Release|x86
		{6454777F-D8F3-4286-9170-09DD6B705151}.Release|iPhone.Build.0 = Release|x86
		{6454777F-D8F3-4286-9170-09DD6B705151}.Release|iPhone.Deploy.0 = Release|x86
		{6454777F-D8F3-4286-9170-09DD6B705151}.Release|iPhoneSimulator.ActiveCfg = Release|x86
		{6454777F-D8F3-4286-9170-09DD6B705151}.Release|iPhoneSimulator.Build.0 = Release|x86
		{6454777F-D8F3-4286-9170-09DD6B705151}.Release|iPhoneSimulator.Deploy.0 = Release|x86
		{6454777F-D8F3-4286-9170-09DD6B705151}.Release|x64.ActiveCfg = Release|x64
		{6454777F-D8F3-4286-9170-09DD6B705151}.Release|x64.Build.0 = Release|x64
		{6454777F-D8F3-4286-9170-09DD6B705151}.Release|x64.Deploy.0 = Release|x64
		{6454777F-D8F3-4286-9170-09DD6B705151}.Release|x86.ActiveCfg = Release|x86
		{6454777F-D8F3-4286-9170-09DD6B705151}.Release|x86.Build.0 = Release|x86
		{6454777F-D8F3-4286-9170-09DD6B705151}.Release|x86.Deploy.0 = Release|x86
		{0C46C2D2-3F48-472D-9B39-9F8C85F3E55B}.Ad-Hoc|Any CPU.ActiveCfg = Debug|Any CPU
		{0C46C2D2-3F48-472D-9B39-9F8C85F3E55B}.Ad-Hoc|Any CPU.Build.0 = Debug|Any CPU
		{0C46C2D2-3F48-472D-9B39-9F8C85F3E55B}.Ad-Hoc|Any CPU.Deploy.0 = Debug|Any CPU
		{0C46C2D2-3F48-472D-9B39-9F8C85F3E55B}.Ad-Hoc|ARM.ActiveCfg = Debug|Any CPU
		{0C46C2D2-3F48-472D-9B39-9F8C85F3E55B}.Ad-Hoc|ARM.Build.0 = Debug|Any CPU
		{0C46C2D2-3F48-472D-9B39-9F8C85F3E55B}.Ad-Hoc|ARM.Deploy.0 = Debug|Any CPU
		{0C46C2D2-3F48-472D-9B39-9F8C85F3E55B}.Ad-Hoc|iPhone.ActiveCfg = Debug|Any CPU
		{0C46C2D2-3F48-472D-9B39-9F8C85F3E55B}.Ad-Hoc|iPhone.Build.0 = Debug|Any CPU
		{0C46C2D2-3F48-472D-9B39-9F8C85F3E55B}.Ad-Hoc|iPhone.Deploy.0 = Debug|Any CPU
		{0C46C2D2-3F48-472D-9B39-9F8C85F3E55B}.Ad-Hoc|iPhoneSimulator.ActiveCfg = Debug|Any CPU
		{0C46C2D2-3F48-472D-9B39-9F8C85F3E55B}.Ad-Hoc|iPhoneSimulator.Build.0 = Debug|Any CPU
		{0C46C2D2-3F48-472D-9B39-9F8C85F3E55B}.Ad-Hoc|iPhoneSimulator.Deploy.0 = Debug|Any CPU
		{0C46C2D2-3F48-472D-9B39-9F8C85F3E55B}.Ad-Hoc|x64.ActiveCfg = Debug|Any CPU
		{0C46C2D2-3F48-472D-9B39-9F8C85F3E55B}.Ad-Hoc|x64.Build.0 = Debug|Any CPU
		{0C46C2D2-3F48-472D-9B39-9F8C85F3E55B}.Ad-Hoc|x64.Deploy.0 = Debug|Any CPU
		{0C46C2D2-3F48-472D-9B39-9F8C85F3E55B}.Ad-Hoc|x86.ActiveCfg = Debug|Any CPU
		{0C46C2D2-3F48-472D-9B39-9F8C85F3E55B}.Ad-Hoc|x86.Build.0 = Debug|Any CPU
		{0C46C2D2-3F48-472D-9B39-9F8C85F3E55B}.Ad-Hoc|x86.Deploy.0 = Debug|Any CPU
		{0C46C2D2-3F48-472D-9B39-9F8C85F3E55B}.AppStore|Any CPU.ActiveCfg = Debug|Any CPU
		{0C46C2D2-3F48-472D-9B39-9F8C85F3E55B}.AppStore|Any CPU.Build.0 = Debug|Any CPU
		{0C46C2D2-3F48-472D-9B39-9F8C85F3E55B}.AppStore|Any CPU.Deploy.0 = Debug|Any CPU
		{0C46C2D2-3F48-472D-9B39-9F8C85F3E55B}.AppStore|ARM.ActiveCfg = Debug|Any CPU
		{0C46C2D2-3F48-472D-9B39-9F8C85F3E55B}.AppStore|ARM.Build.0 = Debug|Any CPU
		{0C46C2D2-3F48-472D-9B39-9F8C85F3E55B}.AppStore|ARM.Deploy.0 = Debug|Any CPU
		{0C46C2D2-3F48-472D-9B39-9F8C85F3E55B}.AppStore|iPhone.ActiveCfg = Debug|Any CPU
		{0C46C2D2-3F48-472D-9B39-9F8C85F3E55B}.AppStore|iPhone.Build.0 = Debug|Any CPU
		{0C46C2D2-3F48-472D-9B39-9F8C85F3E55B}.AppStore|iPhone.Deploy.0 = Debug|Any CPU
		{0C46C2D2-3F48-472D-9B39-9F8C85F3E55B}.AppStore|iPhoneSimulator.ActiveCfg = Debug|Any CPU
		{0C46C2D2-3F48-472D-9B39-9F8C85F3E55B}.AppStore|iPhoneSimulator.Build.0 = Debug|Any CPU
		{0C46C2D2-3F48-472D-9B39-9F8C85F3E55B}.AppStore|iPhoneSimulator.Deploy.0 = Debug|Any CPU
		{0C46C2D2-3F48-472D-9B39-9F8C85F3E55B}.AppStore|x64.ActiveCfg = Debug|Any CPU
		{0C46C2D2-3F48-472D-9B39-9F8C85F3E55B}.AppStore|x64.Build.0 = Debug|Any CPU
		{0C46C2D2-3F48-472D-9B39-9F8C85F3E55B}.AppStore|x64.Deploy.0 = Debug|Any CPU
		{0C46C2D2-3F48-472D-9B39-9F8C85F3E55B}.AppStore|x86.ActiveCfg = Debug|Any CPU
		{0C46C2D2-3F48-472D-9B39-9F8C85F3E55B}.AppStore|x86.Build.0 = Debug|Any CPU
		{0C46C2D2-3F48-472D-9B39-9F8C85F3E55B}.AppStore|x86.Deploy.0 = Debug|Any CPU
		{0C46C2D2-3F48-472D-9B39-9F8C85F3E55B}.Debug|Any CPU.ActiveCfg = Debug|Any CPU
		{0C46C2D2-3F48-472D-9B39-9F8C85F3E55B}.Debug|Any CPU.Build.0 = Debug|Any CPU
		{0C46C2D2-3F48-472D-9B39-9F8C85F3E55B}.Debug|Any CPU.Deploy.0 = Debug|Any CPU
		{0C46C2D2-3F48-472D-9B39-9F8C85F3E55B}.Debug|ARM.ActiveCfg = Debug|Any CPU
		{0C46C2D2-3F48-472D-9B39-9F8C85F3E55B}.Debug|ARM.Build.0 = Debug|Any CPU
		{0C46C2D2-3F48-472D-9B39-9F8C85F3E55B}.Debug|ARM.Deploy.0 = Debug|Any CPU
		{0C46C2D2-3F48-472D-9B39-9F8C85F3E55B}.Debug|iPhone.ActiveCfg = Debug|Any CPU
		{0C46C2D2-3F48-472D-9B39-9F8C85F3E55B}.Debug|iPhone.Build.0 = Debug|Any CPU
		{0C46C2D2-3F48-472D-9B39-9F8C85F3E55B}.Debug|iPhone.Deploy.0 = Debug|Any CPU
		{0C46C2D2-3F48-472D-9B39-9F8C85F3E55B}.Debug|iPhoneSimulator.ActiveCfg = Debug|Any CPU
		{0C46C2D2-3F48-472D-9B39-9F8C85F3E55B}.Debug|iPhoneSimulator.Build.0 = Debug|Any CPU
		{0C46C2D2-3F48-472D-9B39-9F8C85F3E55B}.Debug|iPhoneSimulator.Deploy.0 = Debug|Any CPU
		{0C46C2D2-3F48-472D-9B39-9F8C85F3E55B}.Debug|x64.ActiveCfg = Debug|Any CPU
		{0C46C2D2-3F48-472D-9B39-9F8C85F3E55B}.Debug|x64.Build.0 = Debug|Any CPU
		{0C46C2D2-3F48-472D-9B39-9F8C85F3E55B}.Debug|x64.Deploy.0 = Debug|Any CPU
		{0C46C2D2-3F48-472D-9B39-9F8C85F3E55B}.Debug|x86.ActiveCfg = Debug|Any CPU
		{0C46C2D2-3F48-472D-9B39-9F8C85F3E55B}.Debug|x86.Build.0 = Debug|Any CPU
		{0C46C2D2-3F48-472D-9B39-9F8C85F3E55B}.Debug|x86.Deploy.0 = Debug|Any CPU
		{0C46C2D2-3F48-472D-9B39-9F8C85F3E55B}.Release|Any CPU.ActiveCfg = Release|Any CPU
		{0C46C2D2-3F48-472D-9B39-9F8C85F3E55B}.Release|Any CPU.Build.0 = Release|Any CPU
		{0C46C2D2-3F48-472D-9B39-9F8C85F3E55B}.Release|Any CPU.Deploy.0 = Release|Any CPU
		{0C46C2D2-3F48-472D-9B39-9F8C85F3E55B}.Release|ARM.ActiveCfg = Release|Any CPU
		{0C46C2D2-3F48-472D-9B39-9F8C85F3E55B}.Release|ARM.Build.0 = Release|Any CPU
		{0C46C2D2-3F48-472D-9B39-9F8C85F3E55B}.Release|ARM.Deploy.0 = Release|Any CPU
		{0C46C2D2-3F48-472D-9B39-9F8C85F3E55B}.Release|iPhone.ActiveCfg = Release|Any CPU
		{0C46C2D2-3F48-472D-9B39-9F8C85F3E55B}.Release|iPhone.Build.0 = Release|Any CPU
		{0C46C2D2-3F48-472D-9B39-9F8C85F3E55B}.Release|iPhone.Deploy.0 = Release|Any CPU
		{0C46C2D2-3F48-472D-9B39-9F8C85F3E55B}.Release|iPhoneSimulator.ActiveCfg = Release|Any CPU
		{0C46C2D2-3F48-472D-9B39-9F8C85F3E55B}.Release|iPhoneSimulator.Build.0 = Release|Any CPU
		{0C46C2D2-3F48-472D-9B39-9F8C85F3E55B}.Release|iPhoneSimulator.Deploy.0 = Release|Any CPU
		{0C46C2D2-3F48-472D-9B39-9F8C85F3E55B}.Release|x64.ActiveCfg = Release|Any CPU
		{0C46C2D2-3F48-472D-9B39-9F8C85F3E55B}.Release|x64.Build.0 = Release|Any CPU
		{0C46C2D2-3F48-472D-9B39-9F8C85F3E55B}.Release|x64.Deploy.0 = Release|Any CPU
		{0C46C2D2-3F48-472D-9B39-9F8C85F3E55B}.Release|x86.ActiveCfg = Release|Any CPU
		{0C46C2D2-3F48-472D-9B39-9F8C85F3E55B}.Release|x86.Build.0 = Release|Any CPU
		{0C46C2D2-3F48-472D-9B39-9F8C85F3E55B}.Release|x86.Deploy.0 = Release|Any CPU
	EndGlobalSection
	GlobalSection(SolutionProperties) = preSolution
		HideSolutionNode = FALSE
	EndGlobalSection
	GlobalSection(ExtensibilityGlobals) = postSolution
		SolutionGuid = {4A22BD24-FB02-41D1-BC81-A45850C14832}
	EndGlobalSection
EndGlobal
